PODS:
  - CSV.swift (2.4.2)
  - Realm (3.19.0):
    - Realm/Headers (= 3.19.0)
  - Realm/Headers (3.19.0)
  - RealmSwift (3.19.0):
    - Realm (= 3.19.0)

DEPENDENCIES:
  - CSV.swift (~> 2.1)
  - RealmSwift

SPEC CHECKSUMS:
  CSV.swift: 9670cc1b3e3f01e9eebb1aeb603b17b4459e7493
  Realm: 995d585bcf699aaff226715886c849a29dd3d07f
  RealmSwift: 35f284a537989f2187b413e5917091948cb87a3f

PODFILE CHECKSUM: 2941be18acbd212c990739ac4c41126421fd0214

COCOAPODS: 1.4.0
