// !$*UTF8*$!
{
	archiveVersion = 1;
	classes = {
	};
	objectVersion = 48;
	objects = {

/* Begin PBXBuildFile section */
		094ABF081FA7E85F00BA23AB /* AppDelegate.swift in Sources */ = {isa = PBXBuildFile; fileRef = 094ABF071FA7E85F00BA23AB /* AppDelegate.swift */; };
		094ABF0D1FA7E85F00BA23AB /* Main.storyboard in Resources */ = {isa = PBXBuildFile; fileRef = 094ABF0B1FA7E85F00BA23AB /* Main.storyboard */; };
		094ABF0F1FA7E85F00BA23AB /* Assets.xcassets in Resources */ = {isa = PBXBuildFile; fileRef = 094ABF0E1FA7E85F00BA23AB /* Assets.xcassets */; };
		094ABF121FA7E85F00BA23AB /* LaunchScreen.storyboard in Resources */ = {isa = PBXBuildFile; fileRef = 094ABF101FA7E85F00BA23AB /* LaunchScreen.storyboard */; };
		094ABF1D1FA7E85F00BA23AB /* MonoTalkTests.swift in Sources */ = {isa = PBXBuildFile; fileRef = 094ABF1C1FA7E85F00BA23AB /* MonoTalkTests.swift */; };
		094ABF281FA7E85F00BA23AB /* MonoTalkUITests.swift in Sources */ = {isa = PBXBuildFile; fileRef = 094ABF271FA7E85F00BA23AB /* MonoTalkUITests.swift */; };
		094ABF361FA7EBD100BA23AB /* ItemViewController.swift in Sources */ = {isa = PBXBuildFile; fileRef = 094ABF351FA7EBD100BA23AB /* ItemViewController.swift */; };
		094ABF381FA7F05200BA23AB /* Colors.swift in Sources */ = {isa = PBXBuildFile; fileRef = 094ABF371FA7F05200BA23AB /* Colors.swift */; };
		094ABF3A1FA7F85200BA23AB /* Model.swift in Sources */ = {isa = PBXBuildFile; fileRef = 094ABF391FA7F85200BA23AB /* Model.swift */; };
		0979FA4A1FA80172000BDB5B /* UI.swift in Sources */ = {isa = PBXBuildFile; fileRef = 0979FA491FA80172000BDB5B /* UI.swift */; };
/* End PBXBuildFile section */

/* Begin PBXContainerItemProxy section */
		094ABF191FA7E85F00BA23AB /* PBXContainerItemProxy */ = {
			isa = PBXContainerItemProxy;
			containerPortal = 094ABEFC1FA7E85F00BA23AB /* Project object */;
			proxyType = 1;
			remoteGlobalIDString = 094ABF031FA7E85F00BA23AB;
			remoteInfo = MonoTalk;
		};
		094ABF241FA7E85F00BA23AB /* PBXContainerItemProxy */ = {
			isa = PBXContainerItemProxy;
			containerPortal = 094ABEFC1FA7E85F00BA23AB /* Project object */;
			proxyType = 1;
			remoteGlobalIDString = 094ABF031FA7E85F00BA23AB;
			remoteInfo = MonoTalk;
		};
/* End PBXContainerItemProxy section */

/* Begin PBXFileReference section */
		094ABF041FA7E85F00BA23AB /* MonoTalk.app */ = {isa = PBXFileReference; explicitFileType = wrapper.application; includeInIndex = 0; path = MonoTalk.app; sourceTree = BUILT_PRODUCTS_DIR; };
		094ABF071FA7E85F00BA23AB /* AppDelegate.swift */ = {isa = PBXFileReference; lastKnownFileType = sourcecode.swift; path = AppDelegate.swift; sourceTree = "<group>"; };
		094ABF0C1FA7E85F00BA23AB /* Base */ = {isa = PBXFileReference; lastKnownFileType = file.storyboard; name = Base; path = Base.lproj/Main.storyboard; sourceTree = "<group>"; };
		094ABF0E1FA7E85F00BA23AB /* Assets.xcassets */ = {isa = PBXFileReference; lastKnownFileType = folder.assetcatalog; path = Assets.xcassets; sourceTree = "<group>"; };
		094ABF111FA7E85F00BA23AB /* Base */ = {isa = PBXFileReference; lastKnownFileType = file.storyboard; name = Base; path = Base.lproj/LaunchScreen.storyboard; sourceTree = "<group>"; };
		094ABF131FA7E85F00BA23AB /* Info.plist */ = {isa = PBXFileReference; lastKnownFileType = text.plist.xml; path = Info.plist; sourceTree = "<group>"; };
		094ABF181FA7E85F00BA23AB /* MonoTalkTests.xctest */ = {isa = PBXFileReference; explicitFileType = wrapper.cfbundle; includeInIndex = 0; path = MonoTalkTests.xctest; sourceTree = BUILT_PRODUCTS_DIR; };
		094ABF1C1FA7E85F00BA23AB /* MonoTalkTests.swift */ = {isa = PBXFileReference; lastKnownFileType = sourcecode.swift; path = MonoTalkTests.swift; sourceTree = "<group>"; };
		094ABF1E1FA7E85F00BA23AB /* Info.plist */ = {isa = PBXFileReference; lastKnownFileType = text.plist.xml; path = Info.plist; sourceTree = "<group>"; };
		094ABF231FA7E85F00BA23AB /* MonoTalkUITests.xctest */ = {isa = PBXFileReference; explicitFileType = wrapper.cfbundle; includeInIndex = 0; path = MonoTalkUITests.xctest; sourceTree = BUILT_PRODUCTS_DIR; };
		094ABF271FA7E85F00BA23AB /* MonoTalkUITests.swift */ = {isa = PBXFileReference; lastKnownFileType = sourcecode.swift; path = MonoTalkUITests.swift; sourceTree = "<group>"; };
		094ABF291FA7E85F00BA23AB /* Info.plist */ = {isa = PBXFileReference; lastKnownFileType = text.plist.xml; path = Info.plist; sourceTree = "<group>"; };
		094ABF351FA7EBD100BA23AB /* ItemViewController.swift */ = {isa = PBXFileReference; lastKnownFileType = sourcecode.swift; path = ItemViewController.swift; sourceTree = "<group>"; };
		094ABF371FA7F05200BA23AB /* Colors.swift */ = {isa = PBXFileReference; lastKnownFileType = sourcecode.swift; path = Colors.swift; sourceTree = "<group>"; };
		094ABF391FA7F85200BA23AB /* Model.swift */ = {isa = PBXFileReference; lastKnownFileType = sourcecode.swift; path = Model.swift; sourceTree = "<group>"; };
		0979FA491FA80172000BDB5B /* UI.swift */ = {isa = PBXFileReference; lastKnownFileType = sourcecode.swift; path = UI.swift; sourceTree = "<group>"; };
/* End PBXFileReference section */

/* Begin PBXFrameworksBuildPhase section */
		094ABF011FA7E85F00BA23AB /* Frameworks */ = {
			isa = PBXFrameworksBuildPhase;
			buildActionMask = 2147483647;
			files = (
			);
			runOnlyForDeploymentPostprocessing = 0;
		};
		094ABF151FA7E85F00BA23AB /* Frameworks */ = {
			isa = PBXFrameworksBuildPhase;
			buildActionMask = 2147483647;
			files = (
			);
			runOnlyForDeploymentPostprocessing = 0;
		};
		094ABF201FA7E85F00BA23AB /* Frameworks */ = {
			isa = PBXFrameworksBuildPhase;
			buildActionMask = 2147483647;
			files = (
			);
			runOnlyForDeploymentPostprocessing = 0;
		};
/* End PBXFrameworksBuildPhase section */

/* Begin PBXGroup section */
		094ABEFB1FA7E85F00BA23AB = {
			isa = PBXGroup;
			children = (
				094ABF061FA7E85F00BA23AB /* MonoTalk */,
				094ABF1B1FA7E85F00BA23AB /* MonoTalkTests */,
				094ABF261FA7E85F00BA23AB /* MonoTalkUITests */,
				094ABF051FA7E85F00BA23AB /* Products */,
			);
			sourceTree = "<group>";
		};
		094ABF051FA7E85F00BA23AB /* Products */ = {
			isa = PBXGroup;
			children = (
				094ABF041FA7E85F00BA23AB /* MonoTalk.app */,
				094ABF181FA7E85F00BA23AB /* MonoTalkTests.xctest */,
				094ABF231FA7E85F00BA23AB /* MonoTalkUITests.xctest */,
			);
			name = Products;
			sourceTree = "<group>";
		};
		094ABF061FA7E85F00BA23AB /* MonoTalk */ = {
			isa = PBXGroup;
			children = (
				094ABF071FA7E85F00BA23AB /* AppDelegate.swift */,
				094ABF0B1FA7E85F00BA23AB /* Main.storyboard */,
				094ABF351FA7EBD100BA23AB /* ItemViewController.swift */,
				094ABF0E1FA7E85F00BA23AB /* Assets.xcassets */,
				094ABF101FA7E85F00BA23AB /* LaunchScreen.storyboard */,
				094ABF131FA7E85F00BA23AB /* Info.plist */,
				094ABF371FA7F05200BA23AB /* Colors.swift */,
				094ABF391FA7F85200BA23AB /* Model.swift */,
				0979FA491FA80172000BDB5B /* UI.swift */,
			);
			path = MonoTalk;
			sourceTree = "<group>";
		};
		094ABF1B1FA7E85F00BA23AB /* MonoTalkTests */ = {
			isa = PBXGroup;
			children = (
				094ABF1C1FA7E85F00BA23AB /* MonoTalkTests.swift */,
				094ABF1E1FA7E85F00BA23AB /* Info.plist */,
			);
			path = MonoTalkTests;
			sourceTree = "<group>";
		};
		094ABF261FA7E85F00BA23AB /* MonoTalkUITests */ = {
			isa = PBXGroup;
			children = (
				094ABF271FA7E85F00BA23AB /* MonoTalkUITests.swift */,
				094ABF291FA7E85F00BA23AB /* Info.plist */,
			);
			path = MonoTalkUITests;
			sourceTree = "<group>";
		};
/* End PBXGroup section */

/* Begin PBXNativeTarget section */
		094ABF031FA7E85F00BA23AB /* MonoTalk */ = {
			isa = PBXNativeTarget;
			buildConfigurationList = 094ABF2C1FA7E85F00BA23AB /* Build configuration list for PBXNativeTarget "MonoTalk" */;
			buildPhases = (
				094ABF001FA7E85F00BA23AB /* Sources */,
				094ABF011FA7E85F00BA23AB /* Frameworks */,
				094ABF021FA7E85F00BA23AB /* Resources */,
			);
			buildRules = (
			);
			dependencies = (
			);
			name = MonoTalk;
			productName = MonoTalk;
			productReference = 094ABF041FA7E85F00BA23AB /* MonoTalk.app */;
			productType = "com.apple.product-type.application";
		};
		094ABF171FA7E85F00BA23AB /* MonoTalkTests */ = {
			isa = PBXNativeTarget;
			buildConfigurationList = 094ABF2F1FA7E85F00BA23AB /* Build configuration list for PBXNativeTarget "MonoTalkTests" */;
			buildPhases = (
				094ABF141FA7E85F00BA23AB /* Sources */,
				094ABF151FA7E85F00BA23AB /* Frameworks */,
				094ABF161FA7E85F00BA23AB /* Resources */,
			);
			buildRules = (
			);
			dependencies = (
				094ABF1A1FA7E85F00BA23AB /* PBXTargetDependency */,
			);
			name = MonoTalkTests;
			productName = MonoTalkTests;
			productReference = 094ABF181FA7E85F00BA23AB /* MonoTalkTests.xctest */;
			productType = "com.apple.product-type.bundle.unit-test";
		};
		094ABF221FA7E85F00BA23AB /* MonoTalkUITests */ = {
			isa = PBXNativeTarget;
			buildConfigurationList = 094ABF321FA7E85F00BA23AB /* Build configuration list for PBXNativeTarget "MonoTalkUITests" */;
			buildPhases = (
				094ABF1F1FA7E85F00BA23AB /* Sources */,
				094ABF201FA7E85F00BA23AB /* Frameworks */,
				094ABF211FA7E85F00BA23AB /* Resources */,
			);
			buildRules = (
			);
			dependencies = (
				094ABF251FA7E85F00BA23AB /* PBXTargetDependency */,
			);
			name = MonoTalkUITests;
			productName = MonoTalkUITests;
			productReference = 094ABF231FA7E85F00BA23AB /* MonoTalkUITests.xctest */;
			productType = "com.apple.product-type.bundle.ui-testing";
		};
/* End PBXNativeTarget section */

/* Begin PBXProject section */
		094ABEFC1FA7E85F00BA23AB /* Project object */ = {
			isa = PBXProject;
			attributes = {
				LastSwiftUpdateCheck = 0900;
				LastUpgradeCheck = 0900;
				ORGANIZATIONNAME = "MINA FUJISAWA";
				TargetAttributes = {
					094ABF031FA7E85F00BA23AB = {
						CreatedOnToolsVersion = 9.0;
						ProvisioningStyle = Automatic;
					};
					094ABF171FA7E85F00BA23AB = {
						CreatedOnToolsVersion = 9.0;
						ProvisioningStyle = Automatic;
						TestTargetID = 094ABF031FA7E85F00BA23AB;
					};
					094ABF221FA7E85F00BA23AB = {
						CreatedOnToolsVersion = 9.0;
						ProvisioningStyle = Automatic;
						TestTargetID = 094ABF031FA7E85F00BA23AB;
					};
				};
			};
			buildConfigurationList = 094ABEFF1FA7E85F00BA23AB /* Build configuration list for PBXProject "MonoTalk" */;
			compatibilityVersion = "Xcode 8.0";
			developmentRegion = en;
			hasScannedForEncodings = 0;
			knownRegions = (
				en,
				Base,
			);
			mainGroup = 094ABEFB1FA7E85F00BA23AB;
			productRefGroup = 094ABF051FA7E85F00BA23AB /* Products */;
			projectDirPath = "";
			projectRoot = "";
			targets = (
				094ABF031FA7E85F00BA23AB /* MonoTalk */,
				094ABF171FA7E85F00BA23AB /* MonoTalkTests */,
				094ABF221FA7E85F00BA23AB /* MonoTalkUITests */,
			);
		};
/* End PBXProject section */

/* Begin PBXResourcesBuildPhase section */
		094ABF021FA7E85F00BA23AB /* Resources */ = {
			isa = PBXResourcesBuildPhase;
			buildActionMask = 2147483647;
			files = (
				094ABF121FA7E85F00BA23AB /* LaunchScreen.storyboard in Resources */,
				094ABF0F1FA7E85F00BA23AB /* Assets.xcassets in Resources */,
				094ABF0D1FA7E85F00BA23AB /* Main.storyboard in Resources */,
			);
			runOnlyForDeploymentPostprocessing = 0;
		};
		094ABF161FA7E85F00BA23AB /* Resources */ = {
			isa = PBXResourcesBuildPhase;
			buildActionMask = 2147483647;
			files = (
			);
			runOnlyForDeploymentPostprocessing = 0;
		};
		094ABF211FA7E85F00BA23AB /* Resources */ = {
			isa = PBXResourcesBuildPhase;
			buildActionMask = 2147483647;
			files = (
			);
			runOnlyForDeploymentPostprocessing = 0;
		};
/* End PBXResourcesBuildPhase section */

/* Begin PBXSourcesBuildPhase section */
		094ABF001FA7E85F00BA23AB /* Sources */ = {
			isa = PBXSourcesBuildPhase;
			buildActionMask = 2147483647;
			files = (
				094ABF3A1FA7F85200BA23AB /* Model.swift in Sources */,
				094ABF381FA7F05200BA23AB /* Colors.swift in Sources */,
				094ABF081FA7E85F00BA23AB /* AppDelegate.swift in Sources */,
				094ABF361FA7EBD100BA23AB /* ItemViewController.swift in Sources */,
				0979FA4A1FA80172000BDB5B /* UI.swift in Sources */,
			);
			runOnlyForDeploymentPostprocessing = 0;
		};
		094ABF141FA7E85F00BA23AB /* Sources */ = {
			isa = PBXSourcesBuildPhase;
			buildActionMask = 2147483647;
			files = (
				094ABF1D1FA7E85F00BA23AB /* MonoTalkTests.swift in Sources */,
			);
			runOnlyForDeploymentPostprocessing = 0;
		};
		094ABF1F1FA7E85F00BA23AB /* Sources */ = {
			isa = PBXSourcesBuildPhase;
			buildActionMask = 2147483647;
			files = (
				094ABF281FA7E85F00BA23AB /* MonoTalkUITests.swift in Sources */,
			);
			runOnlyForDeploymentPostprocessing = 0;
		};
/* End PBXSourcesBuildPhase section */

/* Begin PBXTargetDependency section */
		094ABF1A1FA7E85F00BA23AB /* PBXTargetDependency */ = {
			isa = PBXTargetDependency;
			target = 094ABF031FA7E85F00BA23AB /* MonoTalk */;
			targetProxy = 094ABF191FA7E85F00BA23AB /* PBXContainerItemProxy */;
		};
		094ABF251FA7E85F00BA23AB /* PBXTargetDependency */ = {
			isa = PBXTargetDependency;
			target = 094ABF031FA7E85F00BA23AB /* MonoTalk */;
			targetProxy = 094ABF241FA7E85F00BA23AB /* PBXContainerItemProxy */;
		};
/* End PBXTargetDependency section */

/* Begin PBXVariantGroup section */
		094ABF0B1FA7E85F00BA23AB /* Main.storyboard */ = {
			isa = PBXVariantGroup;
			children = (
				094ABF0C1FA7E85F00BA23AB /* Base */,
			);
			name = Main.storyboard;
			sourceTree = "<group>";
		};
		094ABF101FA7E85F00BA23AB /* LaunchScreen.storyboard */ = {
			isa = PBXVariantGroup;
			children = (
				094ABF111FA7E85F00BA23AB /* Base */,
			);
			name = LaunchScreen.storyboard;
			sourceTree = "<group>";
		};
/* End PBXVariantGroup section */

/* Begin XCBuildConfiguration section */
		094ABF2A1FA7E85F00BA23AB /* Debug */ = {
			isa = XCBuildConfiguration;
			buildSettings = {
				ALWAYS_SEARCH_USER_PATHS = NO;
				CLANG_ANALYZER_NONNULL = YES;
				CLANG_ANALYZER_NUMBER_OBJECT_CONVERSION = YES_AGGRESSIVE;
				CLANG_CXX_LANGUAGE_STANDARD = "gnu++14";
				CLANG_CXX_LIBRARY = "libc++";
				CLANG_ENABLE_MODULES = YES;
				CLANG_ENABLE_OBJC_ARC = YES;
				CLANG_WARN_BLOCK_CAPTURE_AUTORELEASING = YES;
				CLANG_WARN_BOOL_CONVERSION = YES;
				CLANG_WARN_COMMA = YES;
				CLANG_WARN_CONSTANT_CONVERSION = YES;
				CLANG_WARN_DIRECT_OBJC_ISA_USAGE = YES_ERROR;
				CLANG_WARN_DOCUMENTATION_COMMENTS = YES;
				CLANG_WARN_EMPTY_BODY = YES;
				CLANG_WARN_ENUM_CONVERSION = YES;
				CLANG_WARN_INFINITE_RECURSION = YES;
				CLANG_WARN_INT_CONVERSION = YES;
				CLANG_WARN_NON_LITERAL_NULL_CONVERSION = YES;
				CLANG_WARN_OBJC_LITERAL_CONVERSION = YES;
				CLANG_WARN_OBJC_ROOT_CLASS = YES_ERROR;
				CLANG_WARN_RANGE_LOOP_ANALYSIS = YES;
				CLANG_WARN_STRICT_PROTOTYPES = YES;
				CLANG_WARN_SUSPICIOUS_MOVE = YES;
				CLANG_WARN_UNGUARDED_AVAILABILITY = YES_AGGRESSIVE;
				CLANG_WARN_UNREACHABLE_CODE = YES;
				CLANG_WARN__DUPLICATE_METHOD_MATCH = YES;
				CODE_SIGN_IDENTITY = "iPhone Developer";
				COPY_PHASE_STRIP = NO;
				DEBUG_INFORMATION_FORMAT = dwarf;
				ENABLE_STRICT_OBJC_MSGSEND = YES;
				ENABLE_TESTABILITY = YES;
				GCC_C_LANGUAGE_STANDARD = gnu11;
				GCC_DYNAMIC_NO_PIC = NO;
				GCC_NO_COMMON_BLOCKS = YES;
				GCC_OPTIMIZATION_LEVEL = 0;
				GCC_PREPROCESSOR_DEFINITIONS = (
					"DEBUG=1",
					"$(inherited)",
				);
				GCC_WARN_64_TO_32_BIT_CONVERSION = YES;
				GCC_WARN_ABOUT_RETURN_TYPE = YES_ERROR;
				GCC_WARN_UNDECLARED_SELECTOR = YES;
				GCC_WARN_UNINITIALIZED_AUTOS = YES_AGGRESSIVE;
				GCC_WARN_UNUSED_FUNCTION = YES;
				GCC_WARN_UNUSED_VARIABLE = YES;
				IPHONEOS_DEPLOYMENT_TARGET = 11.0;
				MTL_ENABLE_DEBUG_INFO = YES;
				ONLY_ACTIVE_ARCH = YES;
				SDKROOT = iphoneos;
				SWIFT_ACTIVE_COMPILATION_CONDITIONS = DEBUG;
				SWIFT_OPTIMIZATION_LEVEL = "-Onone";
			};
			name = Debug;
		};
		094ABF2B1FA7E85F00BA23AB /* Release */ = {
			isa = XCBuildConfiguration;
			buildSettings = {
				ALWAYS_SEARCH_USER_PATHS = NO;
				CLANG_ANALYZER_NONNULL = YES;
				CLANG_ANALYZER_NUMBER_OBJECT_CONVERSION = YES_AGGRESSIVE;
				CLANG_CXX_LANGUAGE_STANDARD = "gnu++14";
				CLANG_CXX_LIBRARY = "libc++";
				CLANG_ENABLE_MODULES = YES;
				CLANG_ENABLE_OBJC_ARC = YES;
				CLANG_WARN_BLOCK_CAPTURE_AUTORELEASING = YES;
				CLANG_WARN_BOOL_CONVERSION = YES;
				CLANG_WARN_COMMA = YES;
				CLANG_WARN_CONSTANT_CONVERSION = YES;
				CLANG_WARN_DIRECT_OBJC_ISA_USAGE = YES_ERROR;
				CLANG_WARN_DOCUMENTATION_COMMENTS = YES;
				CLANG_WARN_EMPTY_BODY = YES;
				CLANG_WARN_ENUM_CONVERSION = YES;
				CLANG_WARN_INFINITE_RECURSION = YES;
				CLANG_WARN_INT_CONVERSION = YES;
				CLANG_WARN_NON_LITERAL_NULL_CONVERSION = YES;
				CLANG_WARN_OBJC_LITERAL_CONVERSION = YES;
				CLANG_WARN_OBJC_ROOT_CLASS = YES_ERROR;
				CLANG_WARN_RANGE_LOOP_ANALYSIS = YES;
				CLANG_WARN_STRICT_PROTOTYPES = YES;
				CLANG_WARN_SUSPICIOUS_MOVE = YES;
				CLANG_WARN_UNGUARDED_AVAILABILITY = YES_AGGRESSIVE;
				CLANG_WARN_UNREACHABLE_CODE = YES;
				CLANG_WARN__DUPLICATE_METHOD_MATCH = YES;
				CODE_SIGN_IDENTITY = "iPhone Developer";
				COPY_PHASE_STRIP = NO;
				DEBUG_INFORMATION_FORMAT = "dwarf-with-dsym";
				ENABLE_NS_ASSERTIONS = NO;
				ENABLE_STRICT_OBJC_MSGSEND = YES;
				GCC_C_LANGUAGE_STANDARD = gnu11;
				GCC_NO_COMMON_BLOCKS = YES;
				GCC_WARN_64_TO_32_BIT_CONVERSION = YES;
				GCC_WARN_ABOUT_RETURN_TYPE = YES_ERROR;
				GCC_WARN_UNDECLARED_SELECTOR = YES;
				GCC_WARN_UNINITIALIZED_AUTOS = YES_AGGRESSIVE;
				GCC_WARN_UNUSED_FUNCTION = YES;
				GCC_WARN_UNUSED_VARIABLE = YES;
				IPHONEOS_DEPLOYMENT_TARGET = 11.0;
				MTL_ENABLE_DEBUG_INFO = NO;
				SDKROOT = iphoneos;
				SWIFT_OPTIMIZATION_LEVEL = "-Owholemodule";
				VALIDATE_PRODUCT = YES;
			};
			name = Release;
		};
		094ABF2D1FA7E85F00BA23AB /* Debug */ = {
			isa = XCBuildConfiguration;
			buildSettings = {
				ASSETCATALOG_COMPILER_APPICON_NAME = AppIcon;
				CODE_SIGN_STYLE = Automatic;
				INFOPLIST_FILE = MonoTalk/Info.plist;
				LD_RUNPATH_SEARCH_PATHS = "$(inherited) @executable_path/Frameworks";
				PRODUCT_BUNDLE_IDENTIFIER = test.MonoTalk;
				PRODUCT_NAME = "$(TARGET_NAME)";
				SWIFT_VERSION = 4.0;
				TARGETED_DEVICE_FAMILY = "1,2";
			};
			name = Debug;
		};
		094ABF2E1FA7E85F00BA23AB /* Release */ = {
			isa = XCBuildConfiguration;
			buildSettings = {
				ASSETCATALOG_COMPILER_APPICON_NAME = AppIcon;
				CODE_SIGN_STYLE = Automatic;
				INFOPLIST_FILE = MonoTalk/Info.plist;
				LD_RUNPATH_SEARCH_PATHS = "$(inherited) @executable_path/Frameworks";
				PRODUCT_BUNDLE_IDENTIFIER = test.MonoTalk;
				PRODUCT_NAME = "$(TARGET_NAME)";
				SWIFT_VERSION = 4.0;
				TARGETED_DEVICE_FAMILY = "1,2";
			};
			name = Release;
		};
		094ABF301FA7E85F00BA23AB /* Debug */ = {
			isa = XCBuildConfiguration;
			buildSettings = {
				ALWAYS_EMBED_SWIFT_STANDARD_LIBRARIES = YES;
				BUNDLE_LOADER = "$(TEST_HOST)";
				CODE_SIGN_STYLE = Automatic;
				INFOPLIST_FILE = MonoTalkTests/Info.plist;
				LD_RUNPATH_SEARCH_PATHS = "$(inherited) @executable_path/Frameworks @loader_path/Frameworks";
				PRODUCT_BUNDLE_IDENTIFIER = test.MonoTalkTests;
				PRODUCT_NAME = "$(TARGET_NAME)";
				SWIFT_VERSION = 4.0;
				TARGETED_DEVICE_FAMILY = "1,2";
				TEST_HOST = "$(BUILT_PRODUCTS_DIR)/MonoTalk.app/MonoTalk";
			};
			name = Debug;
		};
		094ABF311FA7E85F00BA23AB /* Release */ = {
			isa = XCBuildConfiguration;
			buildSettings = {
				ALWAYS_EMBED_SWIFT_STANDARD_LIBRARIES = YES;
				BUNDLE_LOADER = "$(TEST_HOST)";
				CODE_SIGN_STYLE = Automatic;
				INFOPLIST_FILE = MonoTalkTests/Info.plist;
				LD_RUNPATH_SEARCH_PATHS = "$(inherited) @executable_path/Frameworks @loader_path/Frameworks";
				PRODUCT_BUNDLE_IDENTIFIER = test.MonoTalkTests;
				PRODUCT_NAME = "$(TARGET_NAME)";
				SWIFT_VERSION = 4.0;
				TARGETED_DEVICE_FAMILY = "1,2";
				TEST_HOST = "$(BUILT_PRODUCTS_DIR)/MonoTalk.app/MonoTalk";
			};
			name = Release;
		};
		094ABF331FA7E85F00BA23AB /* Debug */ = {
			isa = XCBuildConfiguration;
			buildSettings = {
				ALWAYS_EMBED_SWIFT_STANDARD_LIBRARIES = YES;
				CODE_SIGN_STYLE = Automatic;
				INFOPLIST_FILE = MonoTalkUITests/Info.plist;
				LD_RUNPATH_SEARCH_PATHS = "$(inherited) @executable_path/Frameworks @loader_path/Frameworks";
				PRODUCT_BUNDLE_IDENTIFIER = test.MonoTalkUITests;
				PRODUCT_NAME = "$(TARGET_NAME)";
				SWIFT_VERSION = 4.0;
				TARGETED_DEVICE_FAMILY = "1,2";
				TEST_TARGET_NAME = MonoTalk;
			};
			name = Debug;
		};
		094ABF341FA7E85F00BA23AB /* Release */ = {
			isa = XCBuildConfiguration;
			buildSettings = {
				ALWAYS_EMBED_SWIFT_STANDARD_LIBRARIES = YES;
				CODE_SIGN_STYLE = Automatic;
				INFOPLIST_FILE = MonoTalkUITests/Info.plist;
				LD_RUNPATH_SEARCH_PATHS = "$(inherited) @executable_path/Frameworks @loader_path/Frameworks";
				PRODUCT_BUNDLE_IDENTIFIER = test.MonoTalkUITests;
				PRODUCT_NAME = "$(TARGET_NAME)";
				SWIFT_VERSION = 4.0;
				TARGETED_DEVICE_FAMILY = "1,2";
				TEST_TARGET_NAME = MonoTalk;
			};
			name = Release;
		};
/* End XCBuildConfiguration section */

/* Begin XCConfigurationList section */
		094ABEFF1FA7E85F00BA23AB /* Build configuration list for PBXProject "MonoTalk" */ = {
			isa = XCConfigurationList;
			buildConfigurations = (
				094ABF2A1FA7E85F00BA23AB /* Debug */,
				094ABF2B1FA7E85F00BA23AB /* Release */,
			);
			defaultConfigurationIsVisible = 0;
			defaultConfigurationName = Release;
		};
		094ABF2C1FA7E85F00BA23AB /* Build configuration list for PBXNativeTarget "MonoTalk" */ = {
			isa = XCConfigurationList;
			buildConfigurations = (
				094ABF2D1FA7E85F00BA23AB /* Debug */,
				094ABF2E1FA7E85F00BA23AB /* Release */,
			);
			defaultConfigurationIsVisible = 0;
			defaultConfigurationName = Release;
		};
		094ABF2F1FA7E85F00BA23AB /* Build configuration list for PBXNativeTarget "MonoTalkTests" */ = {
			isa = XCConfigurationList;
			buildConfigurations = (
				094ABF301FA7E85F00BA23AB /* Debug */,
				094ABF311FA7E85F00BA23AB /* Release */,
			);
			defaultConfigurationIsVisible = 0;
			defaultConfigurationName = Release;
		};
		094ABF321FA7E85F00BA23AB /* Build configuration list for PBXNativeTarget "MonoTalkUITests" */ = {
			isa = XCConfigurationList;
			buildConfigurations = (
				094ABF331FA7E85F00BA23AB /* Debug */,
				094ABF341FA7E85F00BA23AB /* Release */,
			);
			defaultConfigurationIsVisible = 0;
			defaultConfigurationName = Release;
		};
/* End XCConfigurationList section */
	};
	rootObject = 094ABEFC1FA7E85F00BA23AB /* Project object */;
}
